
Microsoft Visual Studio Solution File, Format Version 12.00
# Visual Studio Version 16
VisualStudioVersion = 16.0.30011.22
MinimumVisualStudioVersion = 10.0.40219.1
Project("{FAE04EC0-301F-11D3-BF4B-00C04F79EFBC}") = "Wpf_Gardening Project", "Wpf_Gardening Project\Wpf_Gardening Project.csproj", "{1F28A0E9-17A2-4778-BC22-253710A662AA}"
EndProject
Global
	GlobalSection(SolutionConfigurationPlatforms) = preSolution
		Debug|Any CPU = Debug|Any CPU
		Release|Any CPU = Release|Any CPU
	EndGlobalSection
	GlobalSection(ProjectConfigurationPlatforms) = postSolution
		{1F28A0E9-17A2-4778-BC22-253710A662AA}.Debug|Any CPU.ActiveCfg = Debug|Any CPU
		{1F28A0E9-17A2-4778-BC22-253710A662AA}.Debug|Any CPU.Build.0 = Debug|Any CPU
		{1F28A0E9-17A2-4778-BC22-253710A662AA}.Release|Any CPU.ActiveCfg = Release|Any CPU
		{1F28A0E9-17A2-4778-BC22-253710A662AA}.Release|Any CPU.Build.0 = Release|Any CPU
	EndGlobalSection
	GlobalSection(SolutionProperties) = preSolution
		HideSolutionNode = FALSE
	EndGlobalSection
	GlobalSection(ExtensibilityGlobals) = postSolution
		SolutionGuid = {EEC8585E-6CC8-4ACC-A250-3CC8E67D3251}
	EndGlobalSection
EndGlobal
